
Microsoft Visual Studio Solution File, Format Version 12.00
# Visual Studio 15
VisualStudioVersion = 15.0.28010.2026
MinimumVisualStudioVersion = 10.0.40219.1
Project("{888888A0-9F3D-457C-B088-3A5042F75D52}") = "PythonTest2", "PythonTest2\PythonTest2.pyproj", "{2ECB2228-0161-4274-A2A6-E638F2DBD466}"
EndProject
Global
	GlobalSection(SolutionConfigurationPlatforms) = preSolution
		Debug|Any CPU = Debug|Any CPU
		Release|Any CPU = Release|Any CPU
	EndGlobalSection
	GlobalSection(ProjectConfigurationPlatforms) = postSolution
		{2ECB2228-0161-4274-A2A6-E638F2DBD466}.Debug|Any CPU.ActiveCfg = Debug|Any CPU
		{2ECB2228-0161-4274-A2A6-E638F2DBD466}.Release|Any CPU.ActiveCfg = Release|Any CPU
	EndGlobalSection
	GlobalSection(SolutionProperties) = preSolution
		HideSolutionNode = FALSE
	EndGlobalSection
	GlobalSection(ExtensibilityGlobals) = postSolution
		SolutionGuid = {52F4CD8C-2B0D-4E00-955C-6CFBDAFCFFF0}
	EndGlobalSection
EndGlobal
